// !$*UTF8*$!
{
	archiveVersion = 1;
	classes = {
	};
	objectVersion = 56;
	objects = {

/* Begin PBXBuildFile section */
		C0DE30012C72000100B00001 /* BiomeAssetCatalog.swift in Sources */ = {isa = PBXBuildFile; fileRef = C0DE30002C72000100B00000 /* BiomeAssetCatalog.swift */; };
		C0DE30032C72000100B00003 /* ArtAssets in Resources */ = {isa = PBXBuildFile; fileRef = C0DE30022C72000100B00002 /* ArtAssets */; };
		3A9B45272C503B710080BBBE /* RealityKitContent in Frameworks */ = {isa = PBXBuildFile; productRef = 3A9B45262C503B710080BBBE /* RealityKitContent */; };
		3A9B45292C503B710080BBBE /* Endless_RunnerApp.swift in Sources */ = {isa = PBXBuildFile; fileRef = 3A9B45282C503B710080BBBE /* Endless_RunnerApp.swift */; };
		3A9B452B2C503B710080BBBE /* ContentView.swift in Sources */ = {isa = PBXBuildFile; fileRef = 3A9B452A2C503B710080BBBE /* ContentView.swift */; };
		3A9B452F2C503B7D0080BBBE /* Assets.xcassets in Resources */ = {isa = PBXBuildFile; fileRef = 3A9B452E2C503B7D0080BBBE /* Assets.xcassets */; };
		3A9B45322C503B7D0080BBBE /* Preview Assets.xcassets in Resources */ = {isa = PBXBuildFile; fileRef = 3A9B45312C503B7D0080BBBE /* Preview Assets.xcassets */; };
		3A9B453D2C503B7D0080BBBE /* Endless_RunnerTests.swift in Sources */ = {isa = PBXBuildFile; fileRef = 3A9B453C2C503B7D0080BBBE /* Endless_RunnerTests.swift */; };
		3AFD51F82C52E2EE0022AE11 /* ARKit.framework in Frameworks */ = {isa = PBXBuildFile; fileRef = 3AFD51F72C52E2ED0022AE11 /* ARKit.framework */; };
		B01A10012C72000100A00002 /* ImmersiveView.swift in Sources */ = {isa = PBXBuildFile; fileRef = B01A10002C72000100A00001 /* ImmersiveView.swift */; };
		B01A10032C72000100A00004 /* GameModel.swift in Sources */ = {isa = PBXBuildFile; fileRef = B01A10022C72000100A00003 /* GameModel.swift */; };
		B01A10052C72000100A00006 /* GameWorld.swift in Sources */ = {isa = PBXBuildFile; fileRef = B01A10042C72000100A00005 /* GameWorld.swift */; };
		B01A10072C72000100A00008 /* PlayHUDView.swift in Sources */ = {isa = PBXBuildFile; fileRef = B01A10062C72000100A00007 /* PlayHUDView.swift */; };
		B01A10092C72000100A0000A /* GameSFX.swift in Sources */ = {isa = PBXBuildFile; fileRef = B01A10082C72000100A00009 /* GameSFX.swift */; };
		B01A100B2C72000100A0000C /* WallCollision.swift in Sources */ = {isa = PBXBuildFile; fileRef = B01A100A2C72000100A0000B /* WallCollision.swift */; };
		B01A100D2C72000100A0000E /* GameVisuals.swift in Sources */ = {isa = PBXBuildFile; fileRef = B01A100C2C72000100A0000D /* GameVisuals.swift */; };
		B01A10112C72000100A00011 /* EnvironmentProfile.swift in Sources */ = {isa = PBXBuildFile; fileRef = B01A10102C72000100A00010 /* EnvironmentProfile.swift */; };
		B01A10132C72000100A00013 /* EnvironmentDirector.swift in Sources */ = {isa = PBXBuildFile; fileRef = B01A10122C72000100A00012 /* EnvironmentDirector.swift */; };
		B01A10152C72000100A00015 /* GameMusic.swift in Sources */ = {isa = PBXBuildFile; fileRef = B01A10142C72000100A00014 /* GameMusic.swift */; };
		B01A10172C72000100A00017 /* CrystalCombine.swift in Sources */ = {isa = PBXBuildFile; fileRef = B01A10162C72000100A00016 /* CrystalCombine.swift */; };
		B01A10192C72000100A00019 /* HandPose.swift in Sources */ = {isa = PBXBuildFile; fileRef = B01A10182C72000100A00018 /* HandPose.swift */; };
		B01A101B2C72000100A0001B /* EnvironmentMaterials.swift in Sources */ = {isa = PBXBuildFile; fileRef = B01A101A2C72000100A0001A /* EnvironmentMaterials.swift */; };
		B01A10212C72000100A00021 /* Music in Resources */ = {isa = PBXBuildFile; fileRef = B01A10202C72000100A00020 /* Music */; };
		B01A10232C72000100A00023 /* StormWind.swift in Sources */ = {isa = PBXBuildFile; fileRef = B01A10222C72000100A00022 /* StormWind.swift */; };
		B01A10252C72000100A00025 /* PlayMode.swift in Sources */ = {isa = PBXBuildFile; fileRef = B01A10242C72000100A00024 /* PlayMode.swift */; };
		B01A10272C72000100A00027 /* DailyChallenge.swift in Sources */ = {isa = PBXBuildFile; fileRef = B01A10262C72000100A00026 /* DailyChallenge.swift */; };
		B01A10292C72000100A00029 /* LevelSelectView.swift in Sources */ = {isa = PBXBuildFile; fileRef = B01A10282C72000100A00028 /* LevelSelectView.swift */; };
		B01A102B2C72000100A0002B /* LeaderboardPanelView.swift in Sources */ = {isa = PBXBuildFile; fileRef = B01A102A2C72000100A0002A /* LeaderboardPanelView.swift */; };
		B01A102D2C72000100A0002D /* PersonalBestStore.swift in Sources */ = {isa = PBXBuildFile; fileRef = B01A102C2C72000100A0002C /* PersonalBestStore.swift */; };
		B01A102F2C72000100A0002F /* GameCenterService.swift in Sources */ = {isa = PBXBuildFile; fileRef = B01A102E2C72000100A0002E /* GameCenterService.swift */; };
		B01A10312C72000100A00031 /* GameKit.framework in Frameworks */ = {isa = PBXBuildFile; fileRef = B01A10302C72000100A00030 /* GameKit.framework */; };
		B01A10342C72000100A00034 /* GameCenterAuthWindow.swift in Sources */ = {isa = PBXBuildFile; fileRef = B01A10332C72000100A00033 /* GameCenterAuthWindow.swift */; };
		B01A10412C72000100A00041 /* TutorialScript.swift in Sources */ = {isa = PBXBuildFile; fileRef = B01A10402C72000100A00040 /* TutorialScript.swift */; };
		B01A10432C72000100A00043 /* TutorialDirector.swift in Sources */ = {isa = PBXBuildFile; fileRef = B01A10422C72000100A00042 /* TutorialDirector.swift */; };
		B01A10452C72000100A00045 /* LazyLock.swift in Sources */ = {isa = PBXBuildFile; fileRef = B01A10442C72000100A00044 /* LazyLock.swift */; };
		B01A10472C72000100A00047 /* TutorialOverlayView.swift in Sources */ = {isa = PBXBuildFile; fileRef = B01A10462C72000100A00046 /* TutorialOverlayView.swift */; };
		B01A10512C72000100A00051 /* SlipframeLinks.swift in Sources */ = {isa = PBXBuildFile; fileRef = B01A10502C72000100A00050 /* SlipframeLinks.swift */; };
		B01A10532C72000100A00053 /* PrivacyInfo.xcprivacy in Resources */ = {isa = PBXBuildFile; fileRef = B01A10522C72000100A00052 /* PrivacyInfo.xcprivacy */; };
		B01A10552C72000100A00055 /* DailyScoreShare.swift in Sources */ = {isa = PBXBuildFile; fileRef = B01A10542C72000100A00054 /* DailyScoreShare.swift */; };
		B01A10612C72000100A00061 /* MenuConsoleView.swift in Sources */ = {isa = PBXBuildFile; fileRef = B01A10602C72000100A00060 /* MenuConsoleView.swift */; };
		B01A10632C72000100A00063 /* PlayfieldFlow.swift in Sources */ = {isa = PBXBuildFile; fileRef = B01A10622C72000100A00062 /* PlayfieldFlow.swift */; };
		B01A20032C72000100A00104 /* GameVisualsObstacles.swift in Sources */ = {isa = PBXBuildFile; fileRef = B01A20022C72000100A00103 /* GameVisualsObstacles.swift */; };
		B01A20072C72000100A00108 /* XenotechPanel.swift in Sources */ = {isa = PBXBuildFile; fileRef = B01A20062C72000100A00107 /* XenotechPanel.swift */; };
/* End PBXBuildFile section */

/* Begin PBXContainerItemProxy section */
		3A9B45392C503B7D0080BBBE /* PBXContainerItemProxy */ = {
			isa = PBXContainerItemProxy;
			containerPortal = 3A9B45192C503B710080BBBE /* Project object */;
			proxyType = 1;
			remoteGlobalIDString = 3A9B45202C503B710080BBBE;
			remoteInfo = "Endless Runner";
		};
/* End PBXContainerItemProxy section */

/* Begin PBXFileReference section */
		C0DE30002C72000100B00000 /* BiomeAssetCatalog.swift */ = {isa = PBXFileReference; lastKnownFileType = sourcecode.swift; path = BiomeAssetCatalog.swift; sourceTree = "<group>"; };
		C0DE30022C72000100B00002 /* ArtAssets */ = {isa = PBXFileReference; lastKnownFileType = folder; path = ArtAssets; sourceTree = "<group>"; };
		3A9B45212C503B710080BBBE /* Slipframe.app */ = {isa = PBXFileReference; explicitFileType = wrapper.application; includeInIndex = 0; path = Slipframe.app; sourceTree = BUILT_PRODUCTS_DIR; };
		3A9B45252C503B710080BBBE /* RealityKitContent */ = {isa = PBXFileReference; lastKnownFileType = wrapper; path = RealityKitContent; sourceTree = "<group>"; };
		3A9B45282C503B710080BBBE /* Endless_RunnerApp.swift */ = {isa = PBXFileReference; lastKnownFileType = sourcecode.swift; path = Endless_RunnerApp.swift; sourceTree = "<group>"; };
		3A9B452A2C503B710080BBBE /* ContentView.swift */ = {isa = PBXFileReference; lastKnownFileType = sourcecode.swift; path = ContentView.swift; sourceTree = "<group>"; };
		3A9B452E2C503B7D0080BBBE /* Assets.xcassets */ = {isa = PBXFileReference; lastKnownFileType = folder.assetcatalog; path = Assets.xcassets; sourceTree = "<group>"; };
		3A9B45312C503B7D0080BBBE /* Preview Assets.xcassets */ = {isa = PBXFileReference; lastKnownFileType = folder.assetcatalog; path = "Preview Assets.xcassets"; sourceTree = "<group>"; };
		3A9B45332C503B7D0080BBBE /* Info.plist */ = {isa = PBXFileReference; lastKnownFileType = text.plist.xml; path = Info.plist; sourceTree = "<group>"; };
		3A9B45382C503B7D0080BBBE /* Endless RunnerTests.xctest */ = {isa = PBXFileReference; explicitFileType = wrapper.cfbundle; includeInIndex = 0; path = "Endless RunnerTests.xctest"; sourceTree = BUILT_PRODUCTS_DIR; };
		3A9B453C2C503B7D0080BBBE /* Endless_RunnerTests.swift */ = {isa = PBXFileReference; lastKnownFileType = sourcecode.swift; path = Endless_RunnerTests.swift; sourceTree = "<group>"; };
		3AFD51F72C52E2ED0022AE11 /* ARKit.framework */ = {isa = PBXFileReference; lastKnownFileType = wrapper.framework; name = ARKit.framework; path = System/Library/Frameworks/ARKit.framework; sourceTree = SDKROOT; };
		B01A10002C72000100A00001 /* ImmersiveView.swift */ = {isa = PBXFileReference; lastKnownFileType = sourcecode.swift; path = ImmersiveView.swift; sourceTree = "<group>"; };
		B01A10022C72000100A00003 /* GameModel.swift */ = {isa = PBXFileReference; lastKnownFileType = sourcecode.swift; path = GameModel.swift; sourceTree = "<group>"; };
		B01A10042C72000100A00005 /* GameWorld.swift */ = {isa = PBXFileReference; lastKnownFileType = sourcecode.swift; path = GameWorld.swift; sourceTree = "<group>"; };
		B01A10062C72000100A00007 /* PlayHUDView.swift */ = {isa = PBXFileReference; lastKnownFileType = sourcecode.swift; path = PlayHUDView.swift; sourceTree = "<group>"; };
		B01A10082C72000100A00009 /* GameSFX.swift */ = {isa = PBXFileReference; lastKnownFileType = sourcecode.swift; path = GameSFX.swift; sourceTree = "<group>"; };
		B01A100A2C72000100A0000B /* WallCollision.swift */ = {isa = PBXFileReference; lastKnownFileType = sourcecode.swift; path = WallCollision.swift; sourceTree = "<group>"; };
		B01A100C2C72000100A0000D /* GameVisuals.swift */ = {isa = PBXFileReference; lastKnownFileType = sourcecode.swift; path = GameVisuals.swift; sourceTree = "<group>"; };
		B01A10102C72000100A00010 /* EnvironmentProfile.swift */ = {isa = PBXFileReference; lastKnownFileType = sourcecode.swift; path = EnvironmentProfile.swift; sourceTree = "<group>"; };
		B01A10122C72000100A00012 /* EnvironmentDirector.swift */ = {isa = PBXFileReference; lastKnownFileType = sourcecode.swift; path = EnvironmentDirector.swift; sourceTree = "<group>"; };
		B01A10142C72000100A00014 /* GameMusic.swift */ = {isa = PBXFileReference; lastKnownFileType = sourcecode.swift; path = GameMusic.swift; sourceTree = "<group>"; };
		B01A10162C72000100A00016 /* CrystalCombine.swift */ = {isa = PBXFileReference; lastKnownFileType = sourcecode.swift; path = CrystalCombine.swift; sourceTree = "<group>"; };
		B01A10182C72000100A00018 /* HandPose.swift */ = {isa = PBXFileReference; lastKnownFileType = sourcecode.swift; path = HandPose.swift; sourceTree = "<group>"; };
		B01A101A2C72000100A0001A /* EnvironmentMaterials.swift */ = {isa = PBXFileReference; lastKnownFileType = sourcecode.swift; path = EnvironmentMaterials.swift; sourceTree = "<group>"; };
		B01A10202C72000100A00020 /* Music */ = {isa = PBXFileReference; lastKnownFileType = folder; path = Music; sourceTree = "<group>"; };
		B01A10222C72000100A00022 /* StormWind.swift */ = {isa = PBXFileReference; lastKnownFileType = sourcecode.swift; path = StormWind.swift; sourceTree = "<group>"; };
		B01A10242C72000100A00024 /* PlayMode.swift */ = {isa = PBXFileReference; lastKnownFileType = sourcecode.swift; path = PlayMode.swift; sourceTree = "<group>"; };
		B01A10262C72000100A00026 /* DailyChallenge.swift */ = {isa = PBXFileReference; lastKnownFileType = sourcecode.swift; path = DailyChallenge.swift; sourceTree = "<group>"; };
		B01A10282C72000100A00028 /* LevelSelectView.swift */ = {isa = PBXFileReference; lastKnownFileType = sourcecode.swift; path = LevelSelectView.swift; sourceTree = "<group>"; };
		B01A102A2C72000100A0002A /* LeaderboardPanelView.swift */ = {isa = PBXFileReference; lastKnownFileType = sourcecode.swift; path = LeaderboardPanelView.swift; sourceTree = "<group>"; };
		B01A102C2C72000100A0002C /* PersonalBestStore.swift */ = {isa = PBXFileReference; lastKnownFileType = sourcecode.swift; path = PersonalBestStore.swift; sourceTree = "<group>"; };
		B01A102E2C72000100A0002E /* GameCenterService.swift */ = {isa = PBXFileReference; lastKnownFileType = sourcecode.swift; path = GameCenterService.swift; sourceTree = "<group>"; };
		B01A10302C72000100A00030 /* GameKit.framework */ = {isa = PBXFileReference; lastKnownFileType = wrapper.framework; name = GameKit.framework; path = System/Library/Frameworks/GameKit.framework; sourceTree = SDKROOT; };
		B01A10322C72000100A00032 /* Endless_Runner.entitlements */ = {isa = PBXFileReference; lastKnownFileType = text.plist.entitlements; path = Endless_Runner.entitlements; sourceTree = "<group>"; };
		B01A10332C72000100A00033 /* GameCenterAuthWindow.swift */ = {isa = PBXFileReference; lastKnownFileType = sourcecode.swift; path = GameCenterAuthWindow.swift; sourceTree = "<group>"; };
		B01A10402C72000100A00040 /* TutorialScript.swift */ = {isa = PBXFileReference; lastKnownFileType = sourcecode.swift; path = TutorialScript.swift; sourceTree = "<group>"; };
		B01A10422C72000100A00042 /* TutorialDirector.swift */ = {isa = PBXFileReference; lastKnownFileType = sourcecode.swift; path = TutorialDirector.swift; sourceTree = "<group>"; };
		B01A10442C72000100A00044 /* LazyLock.swift */ = {isa = PBXFileReference; lastKnownFileType = sourcecode.swift; path = LazyLock.swift; sourceTree = "<group>"; };
		B01A10462C72000100A00046 /* TutorialOverlayView.swift */ = {isa = PBXFileReference; lastKnownFileType = sourcecode.swift; path = TutorialOverlayView.swift; sourceTree = "<group>"; };
		B01A10502C72000100A00050 /* SlipframeLinks.swift */ = {isa = PBXFileReference; lastKnownFileType = sourcecode.swift; path = SlipframeLinks.swift; sourceTree = "<group>"; };
		B01A10522C72000100A00052 /* PrivacyInfo.xcprivacy */ = {isa = PBXFileReference; lastKnownFileType = text.xml; path = PrivacyInfo.xcprivacy; sourceTree = "<group>"; };
		B01A10542C72000100A00054 /* DailyScoreShare.swift */ = {isa = PBXFileReference; lastKnownFileType = sourcecode.swift; path = DailyScoreShare.swift; sourceTree = "<group>"; };
		B01A10602C72000100A00060 /* MenuConsoleView.swift */ = {isa = PBXFileReference; lastKnownFileType = sourcecode.swift; path = MenuConsoleView.swift; sourceTree = "<group>"; };
		B01A10622C72000100A00062 /* PlayfieldFlow.swift */ = {isa = PBXFileReference; lastKnownFileType = sourcecode.swift; path = PlayfieldFlow.swift; sourceTree = "<group>"; };
		B01A20022C72000100A00103 /* GameVisualsObstacles.swift */ = {isa = PBXFileReference; lastKnownFileType = sourcecode.swift; path = GameVisualsObstacles.swift; sourceTree = "<group>"; };
		B01A20062C72000100A00107 /* XenotechPanel.swift */ = {isa = PBXFileReference; lastKnownFileType = sourcecode.swift; path = XenotechPanel.swift; sourceTree = "<group>"; };
/* End PBXFileReference section */

/* Begin PBXFrameworksBuildPhase section */
		3A9B451E2C503B710080BBBE /* Frameworks */ = {
			isa = PBXFrameworksBuildPhase;
			buildActionMask = 2147483647;
			files = (
				3AFD51F82C52E2EE0022AE11 /* ARKit.framework in Frameworks */,
				B01A10312C72000100A00031 /* GameKit.framework in Frameworks */,
				3A9B45272C503B710080BBBE /* RealityKitContent in Frameworks */,
			);
			runOnlyForDeploymentPostprocessing = 0;
		};
		3A9B45352C503B7D0080BBBE /* Frameworks */ = {
			isa = PBXFrameworksBuildPhase;
			buildActionMask = 2147483647;
			files = (
			);
			runOnlyForDeploymentPostprocessing = 0;
		};
/* End PBXFrameworksBuildPhase section */

/* Begin PBXGroup section */
		3A9B45182C503B710080BBBE = {
			isa = PBXGroup;
			children = (
				3A9B45232C503B710080BBBE /* Endless Runner */,
				3A9B45242C503B710080BBBE /* Packages */,
				3A9B453B2C503B7D0080BBBE /* Endless RunnerTests */,
				3A9B45222C503B710080BBBE /* Products */,
				3AFD51F62C52E2ED0022AE11 /* Frameworks */,
			);
			sourceTree = "<group>";
		};
		3A9B45222C503B710080BBBE /* Products */ = {
			isa = PBXGroup;
			children = (
				3A9B45212C503B710080BBBE /* Slipframe.app */,
				3A9B45382C503B7D0080BBBE /* Endless RunnerTests.xctest */,
			);
			name = Products;
			sourceTree = "<group>";
		};
		3A9B45232C503B710080BBBE /* Endless Runner */ = {
			isa = PBXGroup;
			children = (
				3A9B45282C503B710080BBBE /* Endless_RunnerApp.swift */,
				3A9B452A2C503B710080BBBE /* ContentView.swift */,
				B01A10002C72000100A00001 /* ImmersiveView.swift */,
				B01A10022C72000100A00003 /* GameModel.swift */,
				B01A10042C72000100A00005 /* GameWorld.swift */,
				B01A100C2C72000100A0000D /* GameVisuals.swift */,
				C0DE30002C72000100B00000 /* BiomeAssetCatalog.swift */,
				C0DE30022C72000100B00002 /* ArtAssets */,
				B01A20022C72000100A00103 /* GameVisualsObstacles.swift */,
				B01A100A2C72000100A0000B /* WallCollision.swift */,
				B01A10102C72000100A00010 /* EnvironmentProfile.swift */,
				B01A10122C72000100A00012 /* EnvironmentDirector.swift */,
				B01A10142C72000100A00014 /* GameMusic.swift */,
				B01A10162C72000100A00016 /* CrystalCombine.swift */,
				B01A10182C72000100A00018 /* HandPose.swift */,
				B01A101A2C72000100A0001A /* EnvironmentMaterials.swift */,
				B01A10222C72000100A00022 /* StormWind.swift */,
				B01A10242C72000100A00024 /* PlayMode.swift */,
				B01A10402C72000100A00040 /* TutorialScript.swift */,
				B01A10422C72000100A00042 /* TutorialDirector.swift */,
				B01A10442C72000100A00044 /* LazyLock.swift */,
				B01A10462C72000100A00046 /* TutorialOverlayView.swift */,
				B01A10262C72000100A00026 /* DailyChallenge.swift */,
				B01A10542C72000100A00054 /* DailyScoreShare.swift */,
				B01A10282C72000100A00028 /* LevelSelectView.swift */,
				B01A102A2C72000100A0002A /* LeaderboardPanelView.swift */,
				B01A10602C72000100A00060 /* MenuConsoleView.swift */,
				B01A10622C72000100A00062 /* PlayfieldFlow.swift */,
				B01A102C2C72000100A0002C /* PersonalBestStore.swift */,
				B01A102E2C72000100A0002E /* GameCenterService.swift */,
				B01A10332C72000100A00033 /* GameCenterAuthWindow.swift */,
				B01A10062C72000100A00007 /* PlayHUDView.swift */,
				B01A20062C72000100A00107 /* XenotechPanel.swift */,
				B01A10082C72000100A00009 /* GameSFX.swift */,
				B01A10502C72000100A00050 /* SlipframeLinks.swift */,
				B01A10202C72000100A00020 /* Music */,
				3A9B452E2C503B7D0080BBBE /* Assets.xcassets */,
				3A9B45332C503B7D0080BBBE /* Info.plist */,
				B01A10522C72000100A00052 /* PrivacyInfo.xcprivacy */,
				B01A10322C72000100A00032 /* Endless_Runner.entitlements */,
				3A9B45302C503B7D0080BBBE /* Preview Content */,
			);
			path = "Endless Runner";
			sourceTree = "<group>";
		};
		3A9B45242C503B710080BBBE /* Packages */ = {
			isa = PBXGroup;
			children = (
				3A9B45252C503B710080BBBE /* RealityKitContent */,
			);
			path = Packages;
			sourceTree = "<group>";
		};
		3A9B45302C503B7D0080BBBE /* Preview Content */ = {
			isa = PBXGroup;
			children = (
				3A9B45312C503B7D0080BBBE /* Preview Assets.xcassets */,
			);
			path = "Preview Content";
			sourceTree = "<group>";
		};
		3A9B453B2C503B7D0080BBBE /* Endless RunnerTests */ = {
			isa = PBXGroup;
			children = (
				3A9B453C2C503B7D0080BBBE /* Endless_RunnerTests.swift */,
			);
			path = "Endless RunnerTests";
			sourceTree = "<group>";
		};
		3AFD51F62C52E2ED0022AE11 /* Frameworks */ = {
			isa = PBXGroup;
			children = (
				3AFD51F72C52E2ED0022AE11 /* ARKit.framework */,
				B01A10302C72000100A00030 /* GameKit.framework */,
			);
			name = Frameworks;
			sourceTree = "<group>";
		};
/* End PBXGroup section */

/* Begin PBXNativeTarget section */
		3A9B45202C503B710080BBBE /* Endless Runner */ = {
			isa = PBXNativeTarget;
			buildConfigurationList = 3A9B45402C503B7D0080BBBE /* Build configuration list for PBXNativeTarget "Endless Runner" */;
			buildPhases = (
				3A9B451D2C503B710080BBBE /* Sources */,
				3A9B451E2C503B710080BBBE /* Frameworks */,
				3A9B451F2C503B710080BBBE /* Resources */,
			);
			buildRules = (
			);
			dependencies = (
			);
			name = "Endless Runner";
			packageProductDependencies = (
				3A9B45262C503B710080BBBE /* RealityKitContent */,
			);
			productName = Slipframe;
			productReference = 3A9B45212C503B710080BBBE /* Slipframe.app */;
			productType = "com.apple.product-type.application";
		};
		3A9B45372C503B7D0080BBBE /* Endless RunnerTests */ = {
			isa = PBXNativeTarget;
			buildConfigurationList = 3A9B45432C503B7D0080BBBE /* Build configuration list for PBXNativeTarget "Endless RunnerTests" */;
			buildPhases = (
				3A9B45342C503B7D0080BBBE /* Sources */,
				3A9B45352C503B7D0080BBBE /* Frameworks */,
				3A9B45362C503B7D0080BBBE /* Resources */,
			);
			buildRules = (
			);
			dependencies = (
				3A9B453A2C503B7D0080BBBE /* PBXTargetDependency */,
			);
			name = "Endless RunnerTests";
			productName = "Endless RunnerTests";
			productReference = 3A9B45382C503B7D0080BBBE /* Endless RunnerTests.xctest */;
			productType = "com.apple.product-type.bundle.unit-test";
		};
/* End PBXNativeTarget section */

/* Begin PBXProject section */
		3A9B45192C503B710080BBBE /* Project object */ = {
			isa = PBXProject;
			attributes = {
				BuildIndependentTargetsInParallel = 1;
				LastSwiftUpdateCheck = 1530;
				LastUpgradeCheck = 1530;
				TargetAttributes = {
					3A9B45202C503B710080BBBE = {
						CreatedOnToolsVersion = 15.3;
					};
					3A9B45372C503B7D0080BBBE = {
						CreatedOnToolsVersion = 15.3;
						TestTargetID = 3A9B45202C503B710080BBBE;
					};
				};
			};
			buildConfigurationList = 3A9B451C2C503B710080BBBE /* Build configuration list for PBXProject "Endless Runner" */;
			compatibilityVersion = "Xcode 14.0";
			developmentRegion = en;
			hasScannedForEncodings = 0;
			knownRegions = (
				en,
				Base,
			);
			mainGroup = 3A9B45182C503B710080BBBE;
			productRefGroup = 3A9B45222C503B710080BBBE /* Products */;
			projectDirPath = "";
			projectRoot = "";
			targets = (
				3A9B45202C503B710080BBBE /* Endless Runner */,
				3A9B45372C503B7D0080BBBE /* Endless RunnerTests */,
			);
		};
/* End PBXProject section */

/* Begin PBXResourcesBuildPhase section */
		3A9B451F2C503B710080BBBE /* Resources */ = {
			isa = PBXResourcesBuildPhase;
			buildActionMask = 2147483647;
			files = (
				3A9B45322C503B7D0080BBBE /* Preview Assets.xcassets in Resources */,
				3A9B452F2C503B7D0080BBBE /* Assets.xcassets in Resources */,
				B01A10532C72000100A00053 /* PrivacyInfo.xcprivacy in Resources */,
				B01A10212C72000100A00021 /* Music in Resources */,
				C0DE30032C72000100B00003 /* ArtAssets in Resources */,
			);
			runOnlyForDeploymentPostprocessing = 0;
		};
		3A9B45362C503B7D0080BBBE /* Resources */ = {
			isa = PBXResourcesBuildPhase;
			buildActionMask = 2147483647;
			files = (
			);
			runOnlyForDeploymentPostprocessing = 0;
		};
/* End PBXResourcesBuildPhase section */

/* Begin PBXSourcesBuildPhase section */
		3A9B451D2C503B710080BBBE /* Sources */ = {
			isa = PBXSourcesBuildPhase;
			buildActionMask = 2147483647;
			files = (
				3A9B452B2C503B710080BBBE /* ContentView.swift in Sources */,
				B01A10012C72000100A00002 /* ImmersiveView.swift in Sources */,
				B01A10032C72000100A00004 /* GameModel.swift in Sources */,
				B01A10052C72000100A00006 /* GameWorld.swift in Sources */,
				B01A100D2C72000100A0000E /* GameVisuals.swift in Sources */,
				C0DE30012C72000100B00001 /* BiomeAssetCatalog.swift in Sources */,
				B01A20032C72000100A00104 /* GameVisualsObstacles.swift in Sources */,
				B01A100B2C72000100A0000C /* WallCollision.swift in Sources */,
				B01A10112C72000100A00011 /* EnvironmentProfile.swift in Sources */,
				B01A10132C72000100A00013 /* EnvironmentDirector.swift in Sources */,
				B01A10152C72000100A00015 /* GameMusic.swift in Sources */,
				B01A10172C72000100A00017 /* CrystalCombine.swift in Sources */,
				B01A10192C72000100A00019 /* HandPose.swift in Sources */,
				B01A101B2C72000100A0001B /* EnvironmentMaterials.swift in Sources */,
				B01A10232C72000100A00023 /* StormWind.swift in Sources */,
				B01A10252C72000100A00025 /* PlayMode.swift in Sources */,
				B01A10412C72000100A00041 /* TutorialScript.swift in Sources */,
				B01A10432C72000100A00043 /* TutorialDirector.swift in Sources */,
				B01A10452C72000100A00045 /* LazyLock.swift in Sources */,
				B01A10472C72000100A00047 /* TutorialOverlayView.swift in Sources */,
				B01A10272C72000100A00027 /* DailyChallenge.swift in Sources */,
				B01A10292C72000100A00029 /* LevelSelectView.swift in Sources */,
				B01A102B2C72000100A0002B /* LeaderboardPanelView.swift in Sources */,
				B01A102D2C72000100A0002D /* PersonalBestStore.swift in Sources */,
				B01A102F2C72000100A0002F /* GameCenterService.swift in Sources */,
				B01A10342C72000100A00034 /* GameCenterAuthWindow.swift in Sources */,
				B01A10072C72000100A00008 /* PlayHUDView.swift in Sources */,
				B01A20072C72000100A00108 /* XenotechPanel.swift in Sources */,
				B01A10092C72000100A0000A /* GameSFX.swift in Sources */,
				B01A10512C72000100A00051 /* SlipframeLinks.swift in Sources */,
				B01A10552C72000100A00055 /* DailyScoreShare.swift in Sources */,
				B01A10612C72000100A00061 /* MenuConsoleView.swift in Sources */,
				B01A10632C72000100A00063 /* PlayfieldFlow.swift in Sources */,
				3A9B45292C503B710080BBBE /* Endless_RunnerApp.swift in Sources */,
			);
			runOnlyForDeploymentPostprocessing = 0;
		};
		3A9B45342C503B7D0080BBBE /* Sources */ = {
			isa = PBXSourcesBuildPhase;
			buildActionMask = 2147483647;
			files = (
				3A9B453D2C503B7D0080BBBE /* Endless_RunnerTests.swift in Sources */,
			);
			runOnlyForDeploymentPostprocessing = 0;
		};
/* End PBXSourcesBuildPhase section */

/* Begin PBXTargetDependency section */
		3A9B453A2C503B7D0080BBBE /* PBXTargetDependency */ = {
			isa = PBXTargetDependency;
			target = 3A9B45202C503B710080BBBE /* Endless Runner */;
			targetProxy = 3A9B45392C503B7D0080BBBE /* PBXContainerItemProxy */;
		};
/* End PBXTargetDependency section */

/* Begin XCBuildConfiguration section */
		3A9B453E2C503B7D0080BBBE /* Debug */ = {
			isa = XCBuildConfiguration;
			buildSettings = {
				ALWAYS_SEARCH_USER_PATHS = NO;
				ASSETCATALOG_COMPILER_GENERATE_SWIFT_ASSET_SYMBOL_EXTENSIONS = YES;
				CLANG_ANALYZER_NONNULL = YES;
				CLANG_ANALYZER_NUMBER_OBJECT_CONVERSION = YES_AGGRESSIVE;
				CLANG_CXX_LANGUAGE_STANDARD = "gnu++20";
				CLANG_ENABLE_MODULES = YES;
				CLANG_ENABLE_OBJC_ARC = YES;
				CLANG_ENABLE_OBJC_WEAK = YES;
				CLANG_WARN_BLOCK_CAPTURE_AUTORELEASING = YES;
				CLANG_WARN_BOOL_CONVERSION = YES;
				CLANG_WARN_COMMA = YES;
				CLANG_WARN_CONSTANT_CONVERSION = YES;
				CLANG_WARN_DEPRECATED_OBJC_IMPLEMENTATIONS = YES;
				CLANG_WARN_DIRECT_OBJC_ISA_USAGE = YES_ERROR;
				CLANG_WARN_DOCUMENTATION_COMMENTS = YES;
				CLANG_WARN_EMPTY_BODY = YES;
				CLANG_WARN_ENUM_CONVERSION = YES;
				CLANG_WARN_INFINITE_RECURSION = YES;
				CLANG_WARN_INT_CONVERSION = YES;
				CLANG_WARN_NON_LITERAL_NULL_CONVERSION = YES;
				CLANG_WARN_OBJC_IMPLICIT_RETAIN_SELF = YES;
				CLANG_WARN_OBJC_LITERAL_CONVERSION = YES;
				CLANG_WARN_OBJC_ROOT_CLASS = YES_ERROR;
				CLANG_WARN_QUOTED_INCLUDE_IN_FRAMEWORK_HEADER = YES;
				CLANG_WARN_RANGE_LOOP_ANALYSIS = YES;
				CLANG_WARN_STRICT_PROTOTYPES = YES;
				CLANG_WARN_SUSPICIOUS_MOVE = YES;
				CLANG_WARN_UNGUARDED_AVAILABILITY = YES_AGGRESSIVE;
				CLANG_WARN_UNREACHABLE_CODE = YES;
				CLANG_WARN__DUPLICATE_METHOD_MATCH = YES;
				COPY_PHASE_STRIP = NO;
				DEBUG_INFORMATION_FORMAT = dwarf;
				ENABLE_STRICT_OBJC_MSGSEND = YES;
				ENABLE_TESTABILITY = YES;
				ENABLE_USER_SCRIPT_SANDBOXING = YES;
				GCC_C_LANGUAGE_STANDARD = gnu17;
				GCC_DYNAMIC_NO_PIC = NO;
				GCC_NO_COMMON_BLOCKS = YES;
				GCC_OPTIMIZATION_LEVEL = 0;
				GCC_PREPROCESSOR_DEFINITIONS = (
					"DEBUG=1",
					"$(inherited)",
				);
				GCC_WARN_64_TO_32_BIT_CONVERSION = YES;
				GCC_WARN_ABOUT_RETURN_TYPE = YES_ERROR;
				GCC_WARN_UNDECLARED_SELECTOR = YES;
				GCC_WARN_UNINITIALIZED_AUTOS = YES_AGGRESSIVE;
				GCC_WARN_UNUSED_FUNCTION = YES;
				GCC_WARN_UNUSED_VARIABLE = YES;
				LOCALIZATION_PREFERS_STRING_CATALOGS = YES;
				MTL_ENABLE_DEBUG_INFO = INCLUDE_SOURCE;
				MTL_FAST_MATH = YES;
				ONLY_ACTIVE_ARCH = YES;
				SDKROOT = xros;
				SWIFT_ACTIVE_COMPILATION_CONDITIONS = "DEBUG $(inherited)";
				SWIFT_OPTIMIZATION_LEVEL = "-Onone";
				XROS_DEPLOYMENT_TARGET = 2.0;
			};
			name = Debug;
		};
		3A9B453F2C503B7D0080BBBE /* Release */ = {
			isa = XCBuildConfiguration;
			buildSettings = {
				ALWAYS_SEARCH_USER_PATHS = NO;
				ASSETCATALOG_COMPILER_GENERATE_SWIFT_ASSET_SYMBOL_EXTENSIONS = YES;
				CLANG_ANALYZER_NONNULL = YES;
				CLANG_ANALYZER_NUMBER_OBJECT_CONVERSION = YES_AGGRESSIVE;
				CLANG_CXX_LANGUAGE_STANDARD = "gnu++20";
				CLANG_ENABLE_MODULES = YES;
				CLANG_ENABLE_OBJC_ARC = YES;
				CLANG_ENABLE_OBJC_WEAK = YES;
				CLANG_WARN_BLOCK_CAPTURE_AUTORELEASING = YES;
				CLANG_WARN_BOOL_CONVERSION = YES;
				CLANG_WARN_COMMA = YES;
				CLANG_WARN_CONSTANT_CONVERSION = YES;
				CLANG_WARN_DEPRECATED_OBJC_IMPLEMENTATIONS = YES;
				CLANG_WARN_DIRECT_OBJC_ISA_USAGE = YES_ERROR;
				CLANG_WARN_DOCUMENTATION_COMMENTS = YES;
				CLANG_WARN_EMPTY_BODY = YES;
				CLANG_WARN_ENUM_CONVERSION = YES;
				CLANG_WARN_INFINITE_RECURSION = YES;
				CLANG_WARN_INT_CONVERSION = YES;
				CLANG_WARN_NON_LITERAL_NULL_CONVERSION = YES;
				CLANG_WARN_OBJC_IMPLICIT_RETAIN_SELF = YES;
				CLANG_WARN_OBJC_LITERAL_CONVERSION = YES;
				CLANG_WARN_OBJC_ROOT_CLASS = YES_ERROR;
				CLANG_WARN_QUOTED_INCLUDE_IN_FRAMEWORK_HEADER = YES;
				CLANG_WARN_RANGE_LOOP_ANALYSIS = YES;
				CLANG_WARN_STRICT_PROTOTYPES = YES;
				CLANG_WARN_SUSPICIOUS_MOVE = YES;
				CLANG_WARN_UNGUARDED_AVAILABILITY = YES_AGGRESSIVE;
				CLANG_WARN_UNREACHABLE_CODE = YES;
				CLANG_WARN__DUPLICATE_METHOD_MATCH = YES;
				COPY_PHASE_STRIP = NO;
				DEBUG_INFORMATION_FORMAT = "dwarf-with-dsym";
				ENABLE_NS_ASSERTIONS = NO;
				ENABLE_STRICT_OBJC_MSGSEND = YES;
				ENABLE_USER_SCRIPT_SANDBOXING = YES;
				GCC_C_LANGUAGE_STANDARD = gnu17;
				GCC_NO_COMMON_BLOCKS = YES;
				GCC_WARN_64_TO_32_BIT_CONVERSION = YES;
				GCC_WARN_ABOUT_RETURN_TYPE = YES_ERROR;
				GCC_WARN_UNDECLARED_SELECTOR = YES;
				GCC_WARN_UNINITIALIZED_AUTOS = YES_AGGRESSIVE;
				GCC_WARN_UNUSED_FUNCTION = YES;
				GCC_WARN_UNUSED_VARIABLE = YES;
				LOCALIZATION_PREFERS_STRING_CATALOGS = YES;
				MTL_ENABLE_DEBUG_INFO = NO;
				MTL_FAST_MATH = YES;
				SDKROOT = xros;
				SWIFT_COMPILATION_MODE = wholemodule;
				VALIDATE_PRODUCT = YES;
				XROS_DEPLOYMENT_TARGET = 2.0;
			};
			name = Release;
		};
		3A9B45412C503B7D0080BBBE /* Debug */ = {
			isa = XCBuildConfiguration;
			buildSettings = {
				ASSETCATALOG_COMPILER_APPICON_NAME = AppIcon;
				ASSETCATALOG_COMPILER_GLOBAL_ACCENT_COLOR_NAME = AccentColor;
				CODE_SIGN_ENTITLEMENTS = "Endless Runner/Endless_Runner.entitlements";
				CODE_SIGN_STYLE = Automatic;
				CURRENT_PROJECT_VERSION = 1;
				DEVELOPMENT_ASSET_PATHS = "\"Endless Runner/Preview Content\"";
				DEVELOPMENT_TEAM = TM388UHN9N;
				ENABLE_PREVIEWS = YES;
				GENERATE_INFOPLIST_FILE = YES;
				INFOPLIST_FILE = "$(TARGET_NAME)/Info.plist";
				INFOPLIST_KEY_CFBundleDisplayName = Slipframe;
				INFOPLIST_KEY_LSApplicationCategoryType = "public.app-category.games";
				INFOPLIST_KEY_NSHandsTrackingUsageDescription = "Tracks your hands so you can grab coins and dodge obstacles.";
				INFOPLIST_KEY_NSWorldSensingUsageDescription = "Detects the floor and walls to place the track and portal in your space.";
				LD_RUNPATH_SEARCH_PATHS = (
					"$(inherited)",
					"@executable_path/Frameworks",
				);
				MARKETING_VERSION = 1.2;
				PRODUCT_BUNDLE_IDENTIFIER = "Jacob-Scheff.Slipframe";
				PRODUCT_NAME = Slipframe;
				SUPPORTED_PLATFORMS = "xros xrsimulator";
				SWIFT_EMIT_LOC_STRINGS = YES;
				SWIFT_VERSION = 5.0;
				TARGETED_DEVICE_FAMILY = "1,2,7";
			};
			name = Debug;
		};
		3A9B45422C503B7D0080BBBE /* Release */ = {
			isa = XCBuildConfiguration;
			buildSettings = {
				ASSETCATALOG_COMPILER_APPICON_NAME = AppIcon;
				ASSETCATALOG_COMPILER_GLOBAL_ACCENT_COLOR_NAME = AccentColor;
				CODE_SIGN_ENTITLEMENTS = "Endless Runner/Endless_Runner.entitlements";
				CODE_SIGN_STYLE = Automatic;
				CURRENT_PROJECT_VERSION = 1;
				DEVELOPMENT_ASSET_PATHS = "\"Endless Runner/Preview Content\"";
				DEVELOPMENT_TEAM = TM388UHN9N;
				ENABLE_PREVIEWS = YES;
				GENERATE_INFOPLIST_FILE = YES;
				INFOPLIST_FILE = "$(TARGET_NAME)/Info.plist";
				INFOPLIST_KEY_CFBundleDisplayName = Slipframe;
				INFOPLIST_KEY_LSApplicationCategoryType = "public.app-category.games";
				INFOPLIST_KEY_NSHandsTrackingUsageDescription = "Tracks your hands so you can grab coins and dodge obstacles.";
				INFOPLIST_KEY_NSWorldSensingUsageDescription = "Detects the floor and walls to place the track and portal in your space.";
				LD_RUNPATH_SEARCH_PATHS = (
					"$(inherited)",
					"@executable_path/Frameworks",
				);
				MARKETING_VERSION = 1.2;
				PRODUCT_BUNDLE_IDENTIFIER = "Jacob-Scheff.Slipframe";
				PRODUCT_NAME = Slipframe;
				SUPPORTED_PLATFORMS = "xros xrsimulator";
				SWIFT_EMIT_LOC_STRINGS = YES;
				SWIFT_VERSION = 5.0;
				TARGETED_DEVICE_FAMILY = "1,2,7";
			};
			name = Release;
		};
		3A9B45442C503B7D0080BBBE /* Debug */ = {
			isa = XCBuildConfiguration;
			buildSettings = {
				ALWAYS_EMBED_SWIFT_STANDARD_LIBRARIES = YES;
				BUNDLE_LOADER = "$(TEST_HOST)";
				CODE_SIGN_STYLE = Automatic;
				CURRENT_PROJECT_VERSION = 1;
				DEVELOPMENT_TEAM = YXK432W64A;
				GENERATE_INFOPLIST_FILE = YES;
				MARKETING_VERSION = 1.1;
				PRODUCT_BUNDLE_IDENTIFIER = "Jacob-Scheff.Endless-RunnerTests";
				PRODUCT_NAME = "$(TARGET_NAME)";
				SUPPORTED_PLATFORMS = "xros xrsimulator";
				SWIFT_EMIT_LOC_STRINGS = NO;
				SWIFT_VERSION = 5.0;
				TARGETED_DEVICE_FAMILY = "1,2,7";
				TEST_HOST = "$(BUILT_PRODUCTS_DIR)/Slipframe.app/$(BUNDLE_EXECUTABLE_FOLDER_PATH)/Slipframe";
				XROS_DEPLOYMENT_TARGET = 2.0;
			};
			name = Debug;
		};
		3A9B45452C503B7D0080BBBE /* Release */ = {
			isa = XCBuildConfiguration;
			buildSettings = {
				ALWAYS_EMBED_SWIFT_STANDARD_LIBRARIES = YES;
				BUNDLE_LOADER = "$(TEST_HOST)";
				CODE_SIGN_STYLE = Automatic;
				CURRENT_PROJECT_VERSION = 1;
				DEVELOPMENT_TEAM = YXK432W64A;
				GENERATE_INFOPLIST_FILE = YES;
				MARKETING_VERSION = 1.1;
				PRODUCT_BUNDLE_IDENTIFIER = "Jacob-Scheff.Endless-RunnerTests";
				PRODUCT_NAME = "$(TARGET_NAME)";
				SUPPORTED_PLATFORMS = "xros xrsimulator";
				SWIFT_EMIT_LOC_STRINGS = NO;
				SWIFT_VERSION = 5.0;
				TARGETED_DEVICE_FAMILY = "1,2,7";
				TEST_HOST = "$(BUILT_PRODUCTS_DIR)/Slipframe.app/$(BUNDLE_EXECUTABLE_FOLDER_PATH)/Slipframe";
				XROS_DEPLOYMENT_TARGET = 2.0;
			};
			name = Release;
		};
/* End XCBuildConfiguration section */

/* Begin XCConfigurationList section */
		3A9B451C2C503B710080BBBE /* Build configuration list for PBXProject "Endless Runner" */ = {
			isa = XCConfigurationList;
			buildConfigurations = (
				3A9B453E2C503B7D0080BBBE /* Debug */,
				3A9B453F2C503B7D0080BBBE /* Release */,
			);
			defaultConfigurationIsVisible = 0;
			defaultConfigurationName = Release;
		};
		3A9B45402C503B7D0080BBBE /* Build configuration list for PBXNativeTarget "Endless Runner" */ = {
			isa = XCConfigurationList;
			buildConfigurations = (
				3A9B45412C503B7D0080BBBE /* Debug */,
				3A9B45422C503B7D0080BBBE /* Release */,
			);
			defaultConfigurationIsVisible = 0;
			defaultConfigurationName = Release;
		};
		3A9B45432C503B7D0080BBBE /* Build configuration list for PBXNativeTarget "Endless RunnerTests" */ = {
			isa = XCConfigurationList;
			buildConfigurations = (
				3A9B45442C503B7D0080BBBE /* Debug */,
				3A9B45452C503B7D0080BBBE /* Release */,
			);
			defaultConfigurationIsVisible = 0;
			defaultConfigurationName = Release;
		};
/* End XCConfigurationList section */

/* Begin XCSwiftPackageProductDependency section */
		3A9B45262C503B710080BBBE /* RealityKitContent */ = {
			isa = XCSwiftPackageProductDependency;
			productName = RealityKitContent;
		};
/* End XCSwiftPackageProductDependency section */
	};
	rootObject = 3A9B45192C503B710080BBBE /* Project object */;
}
